// !$*UTF8*$!
{
	archiveVersion = 1;
	classes = {
	};
	objectVersion = 48;
	objects = {

/* Begin PBXBuildFile section */
		9A40BD371FAB9D4900DAF786 /* toytracer.cpp in Sources */ = {isa = PBXBuildFile; fileRef = 9A40BD361FAB9D4900DAF786 /* toytracer.cpp */; };
		9AAA6D131FD0DE85001F4851 /* libiomp5.dylib in Frameworks */ = {isa = PBXBuildFile; fileRef = 9AAA6D121FD0DE85001F4851 /* libiomp5.dylib */; };
/* End PBXBuildFile section */

/* Begin PBXCopyFilesBuildPhase section */
		9A40BD311FAB9D4900DAF786 /* CopyFiles */ = {
			isa = PBXCopyFilesBuildPhase;
			buildActionMask = 2147483647;
			dstPath = /usr/share/man/man1/;
			dstSubfolderSpec = 0;
			files = (
			);
			runOnlyForDeploymentPostprocessing = 1;
		};
/* End PBXCopyFilesBuildPhase section */

/* Begin PBXFileReference section */
		9A40BD331FAB9D4900DAF786 /* toytracer */ = {isa = PBXFileReference; explicitFileType = "compiled.mach-o.executable"; includeInIndex = 0; path = toytracer; sourceTree = BUILT_PRODUCTS_DIR; };
		9A40BD361FAB9D4900DAF786 /* toytracer.cpp */ = {isa = PBXFileReference; lastKnownFileType = sourcecode.cpp.cpp; path = toytracer.cpp; sourceTree = "<group>"; };
		9A40BD3D1FABA1F200DAF786 /* geometry.h */ = {isa = PBXFileReference; explicitFileType = sourcecode.cpp.h; path = geometry.h; sourceTree = "<group>"; };
		9A40BD3E1FAE136300DAF786 /* utility.h */ = {isa = PBXFileReference; explicitFileType = sourcecode.cpp.h; path = utility.h; sourceTree = "<group>"; };
		9A40BD3F1FAE2CE400DAF786 /* hitable.h */ = {isa = PBXFileReference; explicitFileType = sourcecode.cpp.h; path = hitable.h; sourceTree = "<group>"; };
		9A40BD401FAE2E4F00DAF786 /* sphere.h */ = {isa = PBXFileReference; explicitFileType = sourcecode.cpp.h; path = sphere.h; sourceTree = "<group>"; };
		9A6188411FAE4AFE00CF41EB /* camera.h */ = {isa = PBXFileReference; explicitFileType = sourcecode.cpp.h; path = camera.h; sourceTree = "<group>"; };
		9A6188421FAE50D600CF41EB /* material.h */ = {isa = PBXFileReference; explicitFileType = sourcecode.cpp.h; path = material.h; sourceTree = "<group>"; };
		9A6188431FAE588A00CF41EB /* aggregate.h */ = {isa = PBXFileReference; explicitFileType = sourcecode.cpp.h; path = aggregate.h; sourceTree = "<group>"; };
		9A6188441FB0D1A900CF41EB /* aabb.h */ = {isa = PBXFileReference; explicitFileType = sourcecode.cpp.h; path = aabb.h; sourceTree = "<group>"; };
		9A6188451FB0DBAF00CF41EB /* bvh.h */ = {isa = PBXFileReference; explicitFileType = sourcecode.cpp.h; path = bvh.h; sourceTree = "<group>"; };
		9A6188831FB282F400CF41EB /* texture.h */ = {isa = PBXFileReference; explicitFileType = sourcecode.cpp.h; path = texture.h; sourceTree = "<group>"; };
		9A6188841FB37EDA00CF41EB /* perlin.h */ = {isa = PBXFileReference; explicitFileType = sourcecode.cpp.h; path = perlin.h; sourceTree = "<group>"; };
		9A6188851FB4C8BF00CF41EB /* rectangle.h */ = {isa = PBXFileReference; explicitFileType = sourcecode.cpp.h; path = rectangle.h; sourceTree = "<group>"; };
		9A6188861FB4E4A100CF41EB /* box.h */ = {isa = PBXFileReference; explicitFileType = sourcecode.cpp.h; path = box.h; sourceTree = "<group>"; };
		9A6188871FB4F4B000CF41EB /* transformation.h */ = {isa = PBXFileReference; explicitFileType = sourcecode.cpp.h; path = transformation.h; sourceTree = "<group>"; };
		9AAA6D121FD0DE85001F4851 /* libiomp5.dylib */ = {isa = PBXFileReference; lastKnownFileType = "compiled.mach-o.dylib"; name = libiomp5.dylib; path = ../../../../../usr/local/Cellar/llvm/5.0.0/lib/libiomp5.dylib; sourceTree = "<group>"; };
/* End PBXFileReference section */

/* Begin PBXFrameworksBuildPhase section */
		9A40BD301FAB9D4900DAF786 /* Frameworks */ = {
			isa = PBXFrameworksBuildPhase;
			buildActionMask = 2147483647;
			files = (
				9AAA6D131FD0DE85001F4851 /* libiomp5.dylib in Frameworks */,
			);
			runOnlyForDeploymentPostprocessing = 0;
		};
/* End PBXFrameworksBuildPhase section */

/* Begin PBXGroup section */
		9A40BD2A1FAB9D4900DAF786 = {
			isa = PBXGroup;
			children = (
				9A40BD351FAB9D4900DAF786 /* toytracer */,
				9A40BD341FAB9D4900DAF786 /* Products */,
				9AAA6D111FD0DE85001F4851 /* Frameworks */,
			);
			sourceTree = "<group>";
		};
		9A40BD341FAB9D4900DAF786 /* Products */ = {
			isa = PBXGroup;
			children = (
				9A40BD331FAB9D4900DAF786 /* toytracer */,
			);
			name = Products;
			sourceTree = "<group>";
		};
		9A40BD351FAB9D4900DAF786 /* toytracer */ = {
			isa = PBXGroup;
			children = (
				9A40BD361FAB9D4900DAF786 /* toytracer.cpp */,
				9A6188411FAE4AFE00CF41EB /* camera.h */,
				9A40BD3D1FABA1F200DAF786 /* geometry.h */,
				9A40BD3F1FAE2CE400DAF786 /* hitable.h */,
				9A6188421FAE50D600CF41EB /* material.h */,
				9A40BD401FAE2E4F00DAF786 /* sphere.h */,
				9A40BD3E1FAE136300DAF786 /* utility.h */,
				9A6188431FAE588A00CF41EB /* aggregate.h */,
				9A6188441FB0D1A900CF41EB /* aabb.h */,
				9A6188451FB0DBAF00CF41EB /* bvh.h */,
				9A6188831FB282F400CF41EB /* texture.h */,
				9A6188841FB37EDA00CF41EB /* perlin.h */,
				9A6188851FB4C8BF00CF41EB /* rectangle.h */,
				9A6188861FB4E4A100CF41EB /* box.h */,
				9A6188871FB4F4B000CF41EB /* transformation.h */,
			);
			path = toytracer;
			sourceTree = "<group>";
		};
		9AAA6D111FD0DE85001F4851 /* Frameworks */ = {
			isa = PBXGroup;
			children = (
				9AAA6D121FD0DE85001F4851 /* libiomp5.dylib */,
			);
			name = Frameworks;
			sourceTree = "<group>";
		};
/* End PBXGroup section */

/* Begin PBXNativeTarget section */
		9A40BD321FAB9D4900DAF786 /* toytracer */ = {
			isa = PBXNativeTarget;
			buildConfigurationList = 9A40BD3A1FAB9D4900DAF786 /* Build configuration list for PBXNativeTarget "toytracer" */;
			buildPhases = (
				9A40BD2F1FAB9D4900DAF786 /* Sources */,
				9A40BD301FAB9D4900DAF786 /* Frameworks */,
				9A40BD311FAB9D4900DAF786 /* CopyFiles */,
			);
			buildRules = (
			);
			dependencies = (
			);
			name = toytracer;
			productName = toytracer;
			productReference = 9A40BD331FAB9D4900DAF786 /* toytracer */;
			productType = "com.apple.product-type.tool";
		};
/* End PBXNativeTarget section */

/* Begin PBXProject section */
		9A40BD2B1FAB9D4900DAF786 /* Project object */ = {
			isa = PBXProject;
			attributes = {
				LastUpgradeCheck = 0910;
				ORGANIZATIONNAME = "Adam Fish";
				TargetAttributes = {
					9A40BD321FAB9D4900DAF786 = {
						CreatedOnToolsVersion = 9.1;
						ProvisioningStyle = Automatic;
					};
				};
			};
			buildConfigurationList = 9A40BD2E1FAB9D4900DAF786 /* Build configuration list for PBXProject "toytracer" */;
			compatibilityVersion = "Xcode 8.0";
			developmentRegion = en;
			hasScannedForEncodings = 0;
			knownRegions = (
				en,
			);
			mainGroup = 9A40BD2A1FAB9D4900DAF786;
			productRefGroup = 9A40BD341FAB9D4900DAF786 /* Products */;
			projectDirPath = "";
			projectRoot = "";
			targets = (
				9A40BD321FAB9D4900DAF786 /* toytracer */,
			);
		};
/* End PBXProject section */

/* Begin PBXSourcesBuildPhase section */
		9A40BD2F1FAB9D4900DAF786 /* Sources */ = {
			isa = PBXSourcesBuildPhase;
			buildActionMask = 2147483647;
			files = (
				9A40BD371FAB9D4900DAF786 /* toytracer.cpp in Sources */,
			);
			runOnlyForDeploymentPostprocessing = 0;
		};
/* End PBXSourcesBuildPhase section */

/* Begin XCBuildConfiguration section */
		9A40BD381FAB9D4900DAF786 /* Debug */ = {
			isa = XCBuildConfiguration;
			buildSettings = {
				ALWAYS_SEARCH_USER_PATHS = NO;
				CLANG_ANALYZER_NONNULL = YES;
				CLANG_ANALYZER_NUMBER_OBJECT_CONVERSION = YES_AGGRESSIVE;
				CLANG_CXX_LANGUAGE_STANDARD = "gnu++14";
				CLANG_CXX_LIBRARY = "libc++";
				CLANG_ENABLE_MODULES = YES;
				CLANG_ENABLE_OBJC_ARC = YES;
				CLANG_WARN_BLOCK_CAPTURE_AUTORELEASING = YES;
				CLANG_WARN_BOOL_CONVERSION = YES;
				CLANG_WARN_COMMA = YES;
				CLANG_WARN_CONSTANT_CONVERSION = YES;
				CLANG_WARN_DIRECT_OBJC_ISA_USAGE = YES_ERROR;
				CLANG_WARN_DOCUMENTATION_COMMENTS = YES;
				CLANG_WARN_EMPTY_BODY = YES;
				CLANG_WARN_ENUM_CONVERSION = YES;
				CLANG_WARN_INFINITE_RECURSION = YES;
				CLANG_WARN_INT_CONVERSION = YES;
				CLANG_WARN_NON_LITERAL_NULL_CONVERSION = YES;
				CLANG_WARN_OBJC_LITERAL_CONVERSION = YES;
				CLANG_WARN_OBJC_ROOT_CLASS = YES_ERROR;
				CLANG_WARN_RANGE_LOOP_ANALYSIS = YES;
				CLANG_WARN_STRICT_PROTOTYPES = YES;
				CLANG_WARN_SUSPICIOUS_MOVE = YES;
				CLANG_WARN_UNGUARDED_AVAILABILITY = YES_AGGRESSIVE;
				CLANG_WARN_UNREACHABLE_CODE = YES;
				CLANG_WARN__DUPLICATE_METHOD_MATCH = YES;
				CODE_SIGN_IDENTITY = "-";
				COPY_PHASE_STRIP = NO;
				DEBUG_INFORMATION_FORMAT = dwarf;
				ENABLE_STRICT_OBJC_MSGSEND = YES;
				ENABLE_TESTABILITY = YES;
				GCC_C_LANGUAGE_STANDARD = gnu11;
				GCC_DYNAMIC_NO_PIC = NO;
				GCC_NO_COMMON_BLOCKS = YES;
				GCC_OPTIMIZATION_LEVEL = 0;
				GCC_PREPROCESSOR_DEFINITIONS = (
					"DEBUG=1",
					"$(inherited)",
				);
				GCC_WARN_64_TO_32_BIT_CONVERSION = YES;
				GCC_WARN_ABOUT_RETURN_TYPE = YES_ERROR;
				GCC_WARN_UNDECLARED_SELECTOR = YES;
				GCC_WARN_UNINITIALIZED_AUTOS = YES_AGGRESSIVE;
				GCC_WARN_UNUSED_FUNCTION = YES;
				GCC_WARN_UNUSED_VARIABLE = YES;
				MACOSX_DEPLOYMENT_TARGET = 10.12;
				MTL_ENABLE_DEBUG_INFO = YES;
				ONLY_ACTIVE_ARCH = YES;
				SDKROOT = macosx;
			};
			name = Debug;
		};
		9A40BD391FAB9D4900DAF786 /* Release */ = {
			isa = XCBuildConfiguration;
			buildSettings = {
				ALWAYS_SEARCH_USER_PATHS = NO;
				CLANG_ANALYZER_NONNULL = YES;
				CLANG_ANALYZER_NUMBER_OBJECT_CONVERSION = YES_AGGRESSIVE;
				CLANG_CXX_LANGUAGE_STANDARD = "gnu++14";
				CLANG_CXX_LIBRARY = "libc++";
				CLANG_ENABLE_MODULES = YES;
				CLANG_ENABLE_OBJC_ARC = YES;
				CLANG_WARN_BLOCK_CAPTURE_AUTORELEASING = YES;
				CLANG_WARN_BOOL_CONVERSION = YES;
				CLANG_WARN_COMMA = YES;
				CLANG_WARN_CONSTANT_CONVERSION = YES;
				CLANG_WARN_DIRECT_OBJC_ISA_USAGE = YES_ERROR;
				CLANG_WARN_DOCUMENTATION_COMMENTS = YES;
				CLANG_WARN_EMPTY_BODY = YES;
				CLANG_WARN_ENUM_CONVERSION = YES;
				CLANG_WARN_INFINITE_RECURSION = YES;
				CLANG_WARN_INT_CONVERSION = YES;
				CLANG_WARN_NON_LITERAL_NULL_CONVERSION = YES;
				CLANG_WARN_OBJC_LITERAL_CONVERSION = YES;
				CLANG_WARN_OBJC_ROOT_CLASS = YES_ERROR;
				CLANG_WARN_RANGE_LOOP_ANALYSIS = YES;
				CLANG_WARN_STRICT_PROTOTYPES = YES;
				CLANG_WARN_SUSPICIOUS_MOVE = YES;
				CLANG_WARN_UNGUARDED_AVAILABILITY = YES_AGGRESSIVE;
				CLANG_WARN_UNREACHABLE_CODE = YES;
				CLANG_WARN__DUPLICATE_METHOD_MATCH = YES;
				CODE_SIGN_IDENTITY = "-";
				COPY_PHASE_STRIP = NO;
				DEBUG_INFORMATION_FORMAT = "dwarf-with-dsym";
				ENABLE_NS_ASSERTIONS = NO;
				ENABLE_STRICT_OBJC_MSGSEND = YES;
				GCC_C_LANGUAGE_STANDARD = gnu11;
				GCC_NO_COMMON_BLOCKS = YES;
				GCC_WARN_64_TO_32_BIT_CONVERSION = YES;
				GCC_WARN_ABOUT_RETURN_TYPE = YES_ERROR;
				GCC_WARN_UNDECLARED_SELECTOR = YES;
				GCC_WARN_UNINITIALIZED_AUTOS = YES_AGGRESSIVE;
				GCC_WARN_UNUSED_FUNCTION = YES;
				GCC_WARN_UNUSED_VARIABLE = YES;
				MACOSX_DEPLOYMENT_TARGET = 10.12;
				MTL_ENABLE_DEBUG_INFO = NO;
				SDKROOT = macosx;
			};
			name = Release;
		};
		9A40BD3B1FAB9D4900DAF786 /* Debug */ = {
			isa = XCBuildConfiguration;
			buildSettings = {
				CC = /usr/local/opt/llvm/bin/clang;
				CLANG_ENABLE_MODULES = NO;
				CODE_SIGN_STYLE = Automatic;
				COMPILER_INDEX_STORE_ENABLE = NO;
				HEADER_SEARCH_PATHS = /usr/local/opt/llvm/lib/clang/5.0.0/include;
				LIBRARY_SEARCH_PATHS = (
					/usr/local/opt/llvm/lib,
					/usr/local/Cellar/llvm/5.0.0/lib,
				);
				OTHER_CFLAGS = "-fopenmp";
				PRODUCT_NAME = "$(TARGET_NAME)";
				nil = "";
			};
			name = Debug;
		};
		9A40BD3C1FAB9D4900DAF786 /* Release */ = {
			isa = XCBuildConfiguration;
			buildSettings = {
				CC = /usr/local/opt/llvm/bin/clang;
				CLANG_ENABLE_MODULES = NO;
				CODE_SIGN_STYLE = Automatic;
				COMPILER_INDEX_STORE_ENABLE = NO;
				HEADER_SEARCH_PATHS = /usr/local/opt/llvm/lib/clang/5.0.0/include;
				LIBRARY_SEARCH_PATHS = (
					/usr/local/opt/llvm/lib,
					/usr/local/Cellar/llvm/5.0.0/lib,
				);
				OTHER_CFLAGS = "-fopenmp";
				PRODUCT_NAME = "$(TARGET_NAME)";
				nil = "";
			};
			name = Release;
		};
/* End XCBuildConfiguration section */

/* Begin XCConfigurationList section */
		9A40BD2E1FAB9D4900DAF786 /* Build configuration list for PBXProject "toytracer" */ = {
			isa = XCConfigurationList;
			buildConfigurations = (
				9A40BD381FAB9D4900DAF786 /* Debug */,
				9A40BD391FAB9D4900DAF786 /* Release */,
			);
			defaultConfigurationIsVisible = 0;
			defaultConfigurationName = Release;
		};
		9A40BD3A1FAB9D4900DAF786 /* Build configuration list for PBXNativeTarget "toytracer" */ = {
			isa = XCConfigurationList;
			buildConfigurations = (
				9A40BD3B1FAB9D4900DAF786 /* Debug */,
				9A40BD3C1FAB9D4900DAF786 /* Release */,
			);
			defaultConfigurationIsVisible = 0;
			defaultConfigurationName = Release;
		};
/* End XCConfigurationList section */
	};
	rootObject = 9A40BD2B1FAB9D4900DAF786 /* Project object */;
}
